
Microsoft Visual Studio Solution File, Format Version 12.00
# Visual Studio Version 17
VisualStudioVersion = 17.4.33213.308
MinimumVisualStudioVersion = 10.0.40219.1
Project("{FAE04EC0-301F-11D3-BF4B-00C04F79EFBC}") = "WinFormsApp1", "WinFormsApp1\WinFormsApp1.csproj", "{DF913D44-B9FE-4183-8F32-9CEF6022AE18}"
EndProject
Global
	GlobalSection(SolutionConfigurationPlatforms) = preSolution
		Debug|Any CPU = Debug|Any CPU
		Release|Any CPU = Release|Any CPU
	EndGlobalSection
	GlobalSection(ProjectConfigurationPlatforms) = postSolution
		{DF913D44-B9FE-4183-8F32-9CEF6022AE18}.Debug|Any CPU.ActiveCfg = Debug|Any CPU
		{DF913D44-B9FE-4183-8F32-9CEF6022AE18}.Debug|Any CPU.Build.0 = Debug|Any CPU
		{DF913D44-B9FE-4183-8F32-9CEF6022AE18}.Release|Any CPU.ActiveCfg = Release|Any CPU
		{DF913D44-B9FE-4183-8F32-9CEF6022AE18}.Release|Any CPU.Build.0 = Release|Any CPU
	EndGlobalSection
	GlobalSection(SolutionProperties) = preSolution
		HideSolutionNode = FALSE
	EndGlobalSection
	GlobalSection(ExtensibilityGlobals) = postSolution
		SolutionGuid = {50A16CF9-34A0-40E8-9E70-BEB0C7757840}
	EndGlobalSection
EndGlobal
