
Microsoft Visual Studio Solution File, Format Version 12.00
# Visual Studio Version 17
VisualStudioVersion = 17.4.33213.308
MinimumVisualStudioVersion = 10.0.40219.1
Project("{FAE04EC0-301F-11D3-BF4B-00C04F79EFBC}") = "Ovning", "Ovning\Ovning.csproj", "{2DAF48C7-0D6F-4CB5-8580-80A44DF94CA5}"
EndProject
Global
	GlobalSection(SolutionConfigurationPlatforms) = preSolution
		Debug|Any CPU = Debug|Any CPU
		Release|Any CPU = Release|Any CPU
	EndGlobalSection
	GlobalSection(ProjectConfigurationPlatforms) = postSolution
		{2DAF48C7-0D6F-4CB5-8580-80A44DF94CA5}.Debug|Any CPU.ActiveCfg = Debug|Any CPU
		{2DAF48C7-0D6F-4CB5-8580-80A44DF94CA5}.Debug|Any CPU.Build.0 = Debug|Any CPU
		{2DAF48C7-0D6F-4CB5-8580-80A44DF94CA5}.Release|Any CPU.ActiveCfg = Release|Any CPU
		{2DAF48C7-0D6F-4CB5-8580-80A44DF94CA5}.Release|Any CPU.Build.0 = Release|Any CPU
	EndGlobalSection
	GlobalSection(SolutionProperties) = preSolution
		HideSolutionNode = FALSE
	EndGlobalSection
	GlobalSection(ExtensibilityGlobals) = postSolution
		SolutionGuid = {9A47A91D-97E0-4557-AAB3-5C252D9A450C}
	EndGlobalSection
EndGlobal
